
Microsoft Visual Studio Solution File, Format Version 12.00
# Visual Studio Version 17
VisualStudioVersion = 17.2.32630.192
MinimumVisualStudioVersion = 10.0.40219.1
Project("{FAE04EC0-301F-11D3-BF4B-00C04F79EFBC}") = "TelegramBot", "TelegramBot.csproj", "{540D84F5-0445-4B25-B4F2-BBE0E1682573}"
EndProject
Global
	GlobalSection(SolutionConfigurationPlatforms) = preSolution
		Debug|Any CPU = Debug|Any CPU
		Release|Any CPU = Release|Any CPU
	EndGlobalSection
	GlobalSection(ProjectConfigurationPlatforms) = postSolution
		{540D84F5-0445-4B25-B4F2-BBE0E1682573}.Debug|Any CPU.ActiveCfg = Debug|Any CPU
		{540D84F5-0445-4B25-B4F2-BBE0E1682573}.Debug|Any CPU.Build.0 = Debug|Any CPU
		{540D84F5-0445-4B25-B4F2-BBE0E1682573}.Release|Any CPU.ActiveCfg = Release|Any CPU
		{540D84F5-0445-4B25-B4F2-BBE0E1682573}.Release|Any CPU.Build.0 = Release|Any CPU
	EndGlobalSection
	GlobalSection(SolutionProperties) = preSolution
		HideSolutionNode = FALSE
	EndGlobalSection
	GlobalSection(ExtensibilityGlobals) = postSolution
		SolutionGuid = {F11C0711-F3B0-47D2-AA13-2377AECA34ED}
	EndGlobalSection
EndGlobal
